// !$*UTF8*$!
{
	archiveVersion = 1;
	classes = {
	};
	objectVersion = 46;
	objects = {

/* Begin PBXBuildFile section */
		81BE87C71CAC0B2400688877 /* AppDelegate.swift in Sources */ = {isa = PBXBuildFile; fileRef = 81BE87C61CAC0B2400688877 /* AppDelegate.swift */; };
		81BE87C91CAC0B2400688877 /* ViewController.swift in Sources */ = {isa = PBXBuildFile; fileRef = 81BE87C81CAC0B2400688877 /* ViewController.swift */; };
		81BE87CC1CAC0B2400688877 /* Main.storyboard in Resources */ = {isa = PBXBuildFile; fileRef = 81BE87CA1CAC0B2400688877 /* Main.storyboard */; };
		81BE87CE1CAC0B2400688877 /* Assets.xcassets in Resources */ = {isa = PBXBuildFile; fileRef = 81BE87CD1CAC0B2400688877 /* Assets.xcassets */; };
		81BE87D11CAC0B2400688877 /* LaunchScreen.storyboard in Resources */ = {isa = PBXBuildFile; fileRef = 81BE87CF1CAC0B2400688877 /* LaunchScreen.storyboard */; };
		81BE87DC1CAC0B2400688877 /* CollegeProfilerRemadeTests.swift in Sources */ = {isa = PBXBuildFile; fileRef = 81BE87DB1CAC0B2400688877 /* CollegeProfilerRemadeTests.swift */; };
		81BE87E71CAC0B2400688877 /* CollegeProfilerRemadeUITests.swift in Sources */ = {isa = PBXBuildFile; fileRef = 81BE87E61CAC0B2400688877 /* CollegeProfilerRemadeUITests.swift */; };
/* End PBXBuildFile section */

/* Begin PBXContainerItemProxy section */
		81BE87D81CAC0B2400688877 /* PBXContainerItemProxy */ = {
			isa = PBXContainerItemProxy;
			containerPortal = 81BE87BB1CAC0B2400688877 /* Project object */;
			proxyType = 1;
			remoteGlobalIDString = 81BE87C21CAC0B2400688877;
			remoteInfo = CollegeProfilerRemade;
		};
		81BE87E31CAC0B2400688877 /* PBXContainerItemProxy */ = {
			isa = PBXContainerItemProxy;
			containerPortal = 81BE87BB1CAC0B2400688877 /* Project object */;
			proxyType = 1;
			remoteGlobalIDString = 81BE87C21CAC0B2400688877;
			remoteInfo = CollegeProfilerRemade;
		};
/* End PBXContainerItemProxy section */

/* Begin PBXFileReference section */
		81BE87C31CAC0B2400688877 /* CollegeProfilerRemade.app */ = {isa = PBXFileReference; explicitFileType = wrapper.application; includeInIndex = 0; path = CollegeProfilerRemade.app; sourceTree = BUILT_PRODUCTS_DIR; };
		81BE87C61CAC0B2400688877 /* AppDelegate.swift */ = {isa = PBXFileReference; lastKnownFileType = sourcecode.swift; path = AppDelegate.swift; sourceTree = "<group>"; };
		81BE87C81CAC0B2400688877 /* ViewController.swift */ = {isa = PBXFileReference; lastKnownFileType = sourcecode.swift; path = ViewController.swift; sourceTree = "<group>"; };
		81BE87CB1CAC0B2400688877 /* Base */ = {isa = PBXFileReference; lastKnownFileType = file.storyboard; name = Base; path = Base.lproj/Main.storyboard; sourceTree = "<group>"; };
		81BE87CD1CAC0B2400688877 /* Assets.xcassets */ = {isa = PBXFileReference; lastKnownFileType = folder.assetcatalog; path = Assets.xcassets; sourceTree = "<group>"; };
		81BE87D01CAC0B2400688877 /* Base */ = {isa = PBXFileReference; lastKnownFileType = file.storyboard; name = Base; path = Base.lproj/LaunchScreen.storyboard; sourceTree = "<group>"; };
		81BE87D21CAC0B2400688877 /* Info.plist */ = {isa = PBXFileReference; lastKnownFileType = text.plist.xml; path = Info.plist; sourceTree = "<group>"; };
		81BE87D71CAC0B2400688877 /* CollegeProfilerRemadeTests.xctest */ = {isa = PBXFileReference; explicitFileType = wrapper.cfbundle; includeInIndex = 0; path = CollegeProfilerRemadeTests.xctest; sourceTree = BUILT_PRODUCTS_DIR; };
		81BE87DB1CAC0B2400688877 /* CollegeProfilerRemadeTests.swift */ = {isa = PBXFileReference; lastKnownFileType = sourcecode.swift; path = CollegeProfilerRemadeTests.swift; sourceTree = "<group>"; };
		81BE87DD1CAC0B2400688877 /* Info.plist */ = {isa = PBXFileReference; lastKnownFileType = text.plist.xml; path = Info.plist; sourceTree = "<group>"; };
		81BE87E21CAC0B2400688877 /* CollegeProfilerRemadeUITests.xctest */ = {isa = PBXFileReference; explicitFileType = wrapper.cfbundle; includeInIndex = 0; path = CollegeProfilerRemadeUITests.xctest; sourceTree = BUILT_PRODUCTS_DIR; };
		81BE87E61CAC0B2400688877 /* CollegeProfilerRemadeUITests.swift */ = {isa = PBXFileReference; lastKnownFileType = sourcecode.swift; path = CollegeProfilerRemadeUITests.swift; sourceTree = "<group>"; };
		81BE87E81CAC0B2400688877 /* Info.plist */ = {isa = PBXFileReference; lastKnownFileType = text.plist.xml; path = Info.plist; sourceTree = "<group>"; };
/* End PBXFileReference section */

/* Begin PBXFrameworksBuildPhase section */
		81BE87C01CAC0B2400688877 /* Frameworks */ = {
			isa = PBXFrameworksBuildPhase;
			buildActionMask = 2147483647;
			files = (
			);
			runOnlyForDeploymentPostprocessing = 0;
		};
		81BE87D41CAC0B2400688877 /* Frameworks */ = {
			isa = PBXFrameworksBuildPhase;
			buildActionMask = 2147483647;
			files = (
			);
			runOnlyForDeploymentPostprocessing = 0;
		};
		81BE87DF1CAC0B2400688877 /* Frameworks */ = {
			isa = PBXFrameworksBuildPhase;
			buildActionMask = 2147483647;
			files = (
			);
			runOnlyForDeploymentPostprocessing = 0;
		};
/* End PBXFrameworksBuildPhase section */

/* Begin PBXGroup section */
		81BE87BA1CAC0B2400688877 = {
			isa = PBXGroup;
			children = (
				81BE87C51CAC0B2400688877 /* CollegeProfilerRemade */,
				81BE87DA1CAC0B2400688877 /* CollegeProfilerRemadeTests */,
				81BE87E51CAC0B2400688877 /* CollegeProfilerRemadeUITests */,
				81BE87C41CAC0B2400688877 /* Products */,
			);
			sourceTree = "<group>";
		};
		81BE87C41CAC0B2400688877 /* Products */ = {
			isa = PBXGroup;
			children = (
				81BE87C31CAC0B2400688877 /* CollegeProfilerRemade.app */,
				81BE87D71CAC0B2400688877 /* CollegeProfilerRemadeTests.xctest */,
				81BE87E21CAC0B2400688877 /* CollegeProfilerRemadeUITests.xctest */,
			);
			name = Products;
			sourceTree = "<group>";
		};
		81BE87C51CAC0B2400688877 /* CollegeProfilerRemade */ = {
			isa = PBXGroup;
			children = (
				81BE87C61CAC0B2400688877 /* AppDelegate.swift */,
				81BE87C81CAC0B2400688877 /* ViewController.swift */,
				81BE87CA1CAC0B2400688877 /* Main.storyboard */,
				81BE87CD1CAC0B2400688877 /* Assets.xcassets */,
				81BE87CF1CAC0B2400688877 /* LaunchScreen.storyboard */,
				81BE87D21CAC0B2400688877 /* Info.plist */,
			);
			path = CollegeProfilerRemade;
			sourceTree = "<group>";
		};
		81BE87DA1CAC0B2400688877 /* CollegeProfilerRemadeTests */ = {
			isa = PBXGroup;
			children = (
				81BE87DB1CAC0B2400688877 /* CollegeProfilerRemadeTests.swift */,
				81BE87DD1CAC0B2400688877 /* Info.plist */,
			);
			path = CollegeProfilerRemadeTests;
			sourceTree = "<group>";
		};
		81BE87E51CAC0B2400688877 /* CollegeProfilerRemadeUITests */ = {
			isa = PBXGroup;
			children = (
				81BE87E61CAC0B2400688877 /* CollegeProfilerRemadeUITests.swift */,
				81BE87E81CAC0B2400688877 /* Info.plist */,
			);
			path = CollegeProfilerRemadeUITests;
			sourceTree = "<group>";
		};
/* End PBXGroup section */

/* Begin PBXNativeTarget section */
		81BE87C21CAC0B2400688877 /* CollegeProfilerRemade */ = {
			isa = PBXNativeTarget;
			buildConfigurationList = 81BE87EB1CAC0B2400688877 /* Build configuration list for PBXNativeTarget "CollegeProfilerRemade" */;
			buildPhases = (
				81BE87BF1CAC0B2400688877 /* Sources */,
				81BE87C01CAC0B2400688877 /* Frameworks */,
				81BE87C11CAC0B2400688877 /* Resources */,
			);
			buildRules = (
			);
			dependencies = (
			);
			name = CollegeProfilerRemade;
			productName = CollegeProfilerRemade;
			productReference = 81BE87C31CAC0B2400688877 /* CollegeProfilerRemade.app */;
			productType = "com.apple.product-type.application";
		};
		81BE87D61CAC0B2400688877 /* CollegeProfilerRemadeTests */ = {
			isa = PBXNativeTarget;
			buildConfigurationList = 81BE87EE1CAC0B2400688877 /* Build configuration list for PBXNativeTarget "CollegeProfilerRemadeTests" */;
			buildPhases = (
				81BE87D31CAC0B2400688877 /* Sources */,
				81BE87D41CAC0B2400688877 /* Frameworks */,
				81BE87D51CAC0B2400688877 /* Resources */,
			);
			buildRules = (
			);
			dependencies = (
				81BE87D91CAC0B2400688877 /* PBXTargetDependency */,
			);
			name = CollegeProfilerRemadeTests;
			productName = CollegeProfilerRemadeTests;
			productReference = 81BE87D71CAC0B2400688877 /* CollegeProfilerRemadeTests.xctest */;
			productType = "com.apple.product-type.bundle.unit-test";
		};
		81BE87E11CAC0B2400688877 /* CollegeProfilerRemadeUITests */ = {
			isa = PBXNativeTarget;
			buildConfigurationList = 81BE87F11CAC0B2400688877 /* Build configuration list for PBXNativeTarget "CollegeProfilerRemadeUITests" */;
			buildPhases = (
				81BE87DE1CAC0B2400688877 /* Sources */,
				81BE87DF1CAC0B2400688877 /* Frameworks */,
				81BE87E01CAC0B2400688877 /* Resources */,
			);
			buildRules = (
			);
			dependencies = (
				81BE87E41CAC0B2400688877 /* PBXTargetDependency */,
			);
			name = CollegeProfilerRemadeUITests;
			productName = CollegeProfilerRemadeUITests;
			productReference = 81BE87E21CAC0B2400688877 /* CollegeProfilerRemadeUITests.xctest */;
			productType = "com.apple.product-type.bundle.ui-testing";
		};
/* End PBXNativeTarget section */

/* Begin PBXProject section */
		81BE87BB1CAC0B2400688877 /* Project object */ = {
			isa = PBXProject;
			attributes = {
				LastSwiftUpdateCheck = 0720;
				LastUpgradeCheck = 0720;
				ORGANIZATIONNAME = "Christos Manolis";
				TargetAttributes = {
					81BE87C21CAC0B2400688877 = {
						CreatedOnToolsVersion = 7.2;
					};
					81BE87D61CAC0B2400688877 = {
						CreatedOnToolsVersion = 7.2;
						TestTargetID = 81BE87C21CAC0B2400688877;
					};
					81BE87E11CAC0B2400688877 = {
						CreatedOnToolsVersion = 7.2;
						TestTargetID = 81BE87C21CAC0B2400688877;
					};
				};
			};
			buildConfigurationList = 81BE87BE1CAC0B2400688877 /* Build configuration list for PBXProject "CollegeProfilerRemade" */;
			compatibilityVersion = "Xcode 3.2";
			developmentRegion = English;
			hasScannedForEncodings = 0;
			knownRegions = (
				en,
				Base,
			);
			mainGroup = 81BE87BA1CAC0B2400688877;
			productRefGroup = 81BE87C41CAC0B2400688877 /* Products */;
			projectDirPath = "";
			projectRoot = "";
			targets = (
				81BE87C21CAC0B2400688877 /* CollegeProfilerRemade */,
				81BE87D61CAC0B2400688877 /* CollegeProfilerRemadeTests */,
				81BE87E11CAC0B2400688877 /* CollegeProfilerRemadeUITests */,
			);
		};
/* End PBXProject section */

/* Begin PBXResourcesBuildPhase section */
		81BE87C11CAC0B2400688877 /* Resources */ = {
			isa = PBXResourcesBuildPhase;
			buildActionMask = 2147483647;
			files = (
				81BE87D11CAC0B2400688877 /* LaunchScreen.storyboard in Resources */,
				81BE87CE1CAC0B2400688877 /* Assets.xcassets in Resources */,
				81BE87CC1CAC0B2400688877 /* Main.storyboard in Resources */,
			);
			runOnlyForDeploymentPostprocessing = 0;
		};
		81BE87D51CAC0B2400688877 /* Resources */ = {
			isa = PBXResourcesBuildPhase;
			buildActionMask = 2147483647;
			files = (
			);
			runOnlyForDeploymentPostprocessing = 0;
		};
		81BE87E01CAC0B2400688877 /* Resources */ = {
			isa = PBXResourcesBuildPhase;
			buildActionMask = 2147483647;
			files = (
			);
			runOnlyForDeploymentPostprocessing = 0;
		};
/* End PBXResourcesBuildPhase section */

/* Begin PBXSourcesBuildPhase section */
		81BE87BF1CAC0B2400688877 /* Sources */ = {
			isa = PBXSourcesBuildPhase;
			buildActionMask = 2147483647;
			files = (
				81BE87C91CAC0B2400688877 /* ViewController.swift in Sources */,
				81BE87C71CAC0B2400688877 /* AppDelegate.swift in Sources */,
			);
			runOnlyForDeploymentPostprocessing = 0;
		};
		81BE87D31CAC0B2400688877 /* Sources */ = {
			isa = PBXSourcesBuildPhase;
			buildActionMask = 2147483647;
			files = (
				81BE87DC1CAC0B2400688877 /* CollegeProfilerRemadeTests.swift in Sources */,
			);
			runOnlyForDeploymentPostprocessing = 0;
		};
		81BE87DE1CAC0B2400688877 /* Sources */ = {
			isa = PBXSourcesBuildPhase;
			buildActionMask = 2147483647;
			files = (
				81BE87E71CAC0B2400688877 /* CollegeProfilerRemadeUITests.swift in Sources */,
			);
			runOnlyForDeploymentPostprocessing = 0;
		};
/* End PBXSourcesBuildPhase section */

/* Begin PBXTargetDependency section */
		81BE87D91CAC0B2400688877 /* PBXTargetDependency */ = {
			isa = PBXTargetDependency;
			target = 81BE87C21CAC0B2400688877 /* CollegeProfilerRemade */;
			targetProxy = 81BE87D81CAC0B2400688877 /* PBXContainerItemProxy */;
		};
		81BE87E41CAC0B2400688877 /* PBXTargetDependency */ = {
			isa = PBXTargetDependency;
			target = 81BE87C21CAC0B2400688877 /* CollegeProfilerRemade */;
			targetProxy = 81BE87E31CAC0B2400688877 /* PBXContainerItemProxy */;
		};
/* End PBXTargetDependency section */

/* Begin PBXVariantGroup section */
		81BE87CA1CAC0B2400688877 /* Main.storyboard */ = {
			isa = PBXVariantGroup;
			children = (
				81BE87CB1CAC0B2400688877 /* Base */,
			);
			name = Main.storyboard;
			sourceTree = "<group>";
		};
		81BE87CF1CAC0B2400688877 /* LaunchScreen.storyboard */ = {
			isa = PBXVariantGroup;
			children = (
				81BE87D01CAC0B2400688877 /* Base */,
			);
			name = LaunchScreen.storyboard;
			sourceTree = "<group>";
		};
/* End PBXVariantGroup section */

/* Begin XCBuildConfiguration section */
		81BE87E91CAC0B2400688877 /* Debug */ = {
			isa = XCBuildConfiguration;
			buildSettings = {
				ALWAYS_SEARCH_USER_PATHS = NO;
				CLANG_CXX_LANGUAGE_STANDARD = "gnu++0x";
				CLANG_CXX_LIBRARY = "libc++";
				CLANG_ENABLE_MODULES = YES;
				CLANG_ENABLE_OBJC_ARC = YES;
				CLANG_WARN_BOOL_CONVERSION = YES;
				CLANG_WARN_CONSTANT_CONVERSION = YES;
				CLANG_WARN_DIRECT_OBJC_ISA_USAGE = YES_ERROR;
				CLANG_WARN_EMPTY_BODY = YES;
				CLANG_WARN_ENUM_CONVERSION = YES;
				CLANG_WARN_INT_CONVERSION = YES;
				CLANG_WARN_OBJC_ROOT_CLASS = YES_ERROR;
				CLANG_WARN_UNREACHABLE_CODE = YES;
				CLANG_WARN__DUPLICATE_METHOD_MATCH = YES;
				"CODE_SIGN_IDENTITY[sdk=iphoneos*]" = "iPhone Developer";
				COPY_PHASE_STRIP = NO;
				DEBUG_INFORMATION_FORMAT = dwarf;
				ENABLE_STRICT_OBJC_MSGSEND = YES;
				ENABLE_TESTABILITY = YES;
				GCC_C_LANGUAGE_STANDARD = gnu99;
				GCC_DYNAMIC_NO_PIC = NO;
				GCC_NO_COMMON_BLOCKS = YES;
				GCC_OPTIMIZATION_LEVEL = 0;
				GCC_PREPROCESSOR_DEFINITIONS = (
					"DEBUG=1",
					"$(inherited)",
				);
				GCC_WARN_64_TO_32_BIT_CONVERSION = YES;
				GCC_WARN_ABOUT_RETURN_TYPE = YES_ERROR;
				GCC_WARN_UNDECLARED_SELECTOR = YES;
				GCC_WARN_UNINITIALIZED_AUTOS = YES_AGGRESSIVE;
				GCC_WARN_UNUSED_FUNCTION = YES;
				GCC_WARN_UNUSED_VARIABLE = YES;
				IPHONEOS_DEPLOYMENT_TARGET = 9.2;
				MTL_ENABLE_DEBUG_INFO = YES;
				ONLY_ACTIVE_ARCH = YES;
				SDKROOT = iphoneos;
				SWIFT_OPTIMIZATION_LEVEL = "-Onone";
				TARGETED_DEVICE_FAMILY = "1,2";
			};
			name = Debug;
		};
		81BE87EA1CAC0B2400688877 /* Release */ = {
			isa = XCBuildConfiguration;
			buildSettings = {
				ALWAYS_SEARCH_USER_PATHS = NO;
				CLANG_CXX_LANGUAGE_STANDARD = "gnu++0x";
				CLANG_CXX_LIBRARY = "libc++";
				CLANG_ENABLE_MODULES = YES;
				CLANG_ENABLE_OBJC_ARC = YES;
				CLANG_WARN_BOOL_CONVERSION = YES;
				CLANG_WARN_CONSTANT_CONVERSION = YES;
				CLANG_WARN_DIRECT_OBJC_ISA_USAGE = YES_ERROR;
				CLANG_WARN_EMPTY_BODY = YES;
				CLANG_WARN_ENUM_CONVERSION = YES;
				CLANG_WARN_INT_CONVERSION = YES;
				CLANG_WARN_OBJC_ROOT_CLASS = YES_ERROR;
				CLANG_WARN_UNREACHABLE_CODE = YES;
				CLANG_WARN__DUPLICATE_METHOD_MATCH = YES;
				"CODE_SIGN_IDENTITY[sdk=iphoneos*]" = "iPhone Developer";
				COPY_PHASE_STRIP = NO;
				DEBUG_INFORMATION_FORMAT = "dwarf-with-dsym";
				ENABLE_NS_ASSERTIONS = NO;
				ENABLE_STRICT_OBJC_MSGSEND = YES;
				GCC_C_LANGUAGE_STANDARD = gnu99;
				GCC_NO_COMMON_BLOCKS = YES;
				GCC_WARN_64_TO_32_BIT_CONVERSION = YES;
				GCC_WARN_ABOUT_RETURN_TYPE = YES_ERROR;
				GCC_WARN_UNDECLARED_SELECTOR = YES;
				GCC_WARN_UNINITIALIZED_AUTOS = YES_AGGRESSIVE;
				GCC_WARN_UNUSED_FUNCTION = YES;
				GCC_WARN_UNUSED_VARIABLE = YES;
				IPHONEOS_DEPLOYMENT_TARGET = 9.2;
				MTL_ENABLE_DEBUG_INFO = NO;
				SDKROOT = iphoneos;
				TARGETED_DEVICE_FAMILY = "1,2";
				VALIDATE_PRODUCT = YES;
			};
			name = Release;
		};
		81BE87EC1CAC0B2400688877 /* Debug */ = {
			isa = XCBuildConfiguration;
			buildSettings = {
				ASSETCATALOG_COMPILER_APPICON_NAME = AppIcon;
				INFOPLIST_FILE = CollegeProfilerRemade/Info.plist;
				LD_RUNPATH_SEARCH_PATHS = "$(inherited) @executable_path/Frameworks";
				PRODUCT_BUNDLE_IDENTIFIER = BGHS.CollegeProfilerRemade;
				PRODUCT_NAME = "$(TARGET_NAME)";
			};
			name = Debug;
		};
		81BE87ED1CAC0B2400688877 /* Release */ = {
			isa = XCBuildConfiguration;
			buildSettings = {
				ASSETCATALOG_COMPILER_APPICON_NAME = AppIcon;
				INFOPLIST_FILE = CollegeProfilerRemade/Info.plist;
				LD_RUNPATH_SEARCH_PATHS = "$(inherited) @executable_path/Frameworks";
				PRODUCT_BUNDLE_IDENTIFIER = BGHS.CollegeProfilerRemade;
				PRODUCT_NAME = "$(TARGET_NAME)";
			};
			name = Release;
		};
		81BE87EF1CAC0B2400688877 /* Debug */ = {
			isa = XCBuildConfiguration;
			buildSettings = {
				BUNDLE_LOADER = "$(TEST_HOST)";
				INFOPLIST_FILE = CollegeProfilerRemadeTests/Info.plist;
				LD_RUNPATH_SEARCH_PATHS = "$(inherited) @executable_path/Frameworks @loader_path/Frameworks";
				PRODUCT_BUNDLE_IDENTIFIER = BGHS.CollegeProfilerRemadeTests;
				PRODUCT_NAME = "$(TARGET_NAME)";
				TEST_HOST = "$(BUILT_PRODUCTS_DIR)/CollegeProfilerRemade.app/CollegeProfilerRemade";
			};
			name = Debug;
		};
		81BE87F01CAC0B2400688877 /* Release */ = {
			isa = XCBuildConfiguration;
			buildSettings = {
				BUNDLE_LOADER = "$(TEST_HOST)";
				INFOPLIST_FILE = CollegeProfilerRemadeTests/Info.plist;
				LD_RUNPATH_SEARCH_PATHS = "$(inherited) @executable_path/Frameworks @loader_path/Frameworks";
				PRODUCT_BUNDLE_IDENTIFIER = BGHS.CollegeProfilerRemadeTests;
				PRODUCT_NAME = "$(TARGET_NAME)";
				TEST_HOST = "$(BUILT_PRODUCTS_DIR)/CollegeProfilerRemade.app/CollegeProfilerRemade";
			};
			name = Release;
		};
		81BE87F21CAC0B2400688877 /* Debug */ = {
			isa = XCBuildConfiguration;
			buildSettings = {
				INFOPLIST_FILE = CollegeProfilerRemadeUITests/Info.plist;
				LD_RUNPATH_SEARCH_PATHS = "$(inherited) @executable_path/Frameworks @loader_path/Frameworks";
				PRODUCT_BUNDLE_IDENTIFIER = BGHS.CollegeProfilerRemadeUITests;
				PRODUCT_NAME = "$(TARGET_NAME)";
				TEST_TARGET_NAME = CollegeProfilerRemade;
				USES_XCTRUNNER = YES;
			};
			name = Debug;
		};
		81BE87F31CAC0B2400688877 /* Release */ = {
			isa = XCBuildConfiguration;
			buildSettings = {
				INFOPLIST_FILE = CollegeProfilerRemadeUITests/Info.plist;
				LD_RUNPATH_SEARCH_PATHS = "$(inherited) @executable_path/Frameworks @loader_path/Frameworks";
				PRODUCT_BUNDLE_IDENTIFIER = BGHS.CollegeProfilerRemadeUITests;
				PRODUCT_NAME = "$(TARGET_NAME)";
				TEST_TARGET_NAME = CollegeProfilerRemade;
				USES_XCTRUNNER = YES;
			};
			name = Release;
		};
/* End XCBuildConfiguration section */

/* Begin XCConfigurationList section */
		81BE87BE1CAC0B2400688877 /* Build configuration list for PBXProject "CollegeProfilerRemade" */ = {
			isa = XCConfigurationList;
			buildConfigurations = (
				81BE87E91CAC0B2400688877 /* Debug */,
				81BE87EA1CAC0B2400688877 /* Release */,
			);
			defaultConfigurationIsVisible = 0;
			defaultConfigurationName = Release;
		};
		81BE87EB1CAC0B2400688877 /* Build configuration list for PBXNativeTarget "CollegeProfilerRemade" */ = {
			isa = XCConfigurationList;
			buildConfigurations = (
				81BE87EC1CAC0B2400688877 /* Debug */,
				81BE87ED1CAC0B2400688877 /* Release */,
			);
			defaultConfigurationIsVisible = 0;
		};
		81BE87EE1CAC0B2400688877 /* Build configuration list for PBXNativeTarget "CollegeProfilerRemadeTests" */ = {
			isa = XCConfigurationList;
			buildConfigurations = (
				81BE87EF1CAC0B2400688877 /* Debug */,
				81BE87F01CAC0B2400688877 /* Release */,
			);
			defaultConfigurationIsVisible = 0;
		};
		81BE87F11CAC0B2400688877 /* Build configuration list for PBXNativeTarget "CollegeProfilerRemadeUITests" */ = {
			isa = XCConfigurationList;
			buildConfigurations = (
				81BE87F21CAC0B2400688877 /* Debug */,
				81BE87F31CAC0B2400688877 /* Release */,
			);
			defaultConfigurationIsVisible = 0;
		};
/* End XCConfigurationList section */
	};
	rootObject = 81BE87BB1CAC0B2400688877 /* Project object */;
}
